{
  "name": "FE-second-hand-market",
  "lockfileVersion": 3,
  "requires": true,
  "packages": {
    "": {
      "dependencies": {
        "napas-qr": "^1.0.4"
      }
    },
    "node_modules/crc": {
      "version": "4.3.2",
      "resolved": "https://registry.npmjs.org/crc/-/crc-4.3.2.tgz",
      "integrity": "sha512-uGDHf4KLLh2zsHa8D8hIQ1H/HtFQhyHrc0uhHBcoKGol/Xnb+MPYfUMw7cvON6ze/GUESTudKayDcJC5HnJv1A==",
      "license": "MIT",
      "engines": {
        "node": ">=12"
      },
      "peerDependencies": {
        "buffer": ">=6.0.3"
      },
      "peerDependenciesMeta": {
        "buffer": {
          "optional": true
        }
      }
    },
    "node_modules/crypto-js": {
      "version": "4.2.0",
      "resolved": "https://registry.npmjs.org/crypto-js/-/crypto-js-4.2.0.tgz",
      "integrity": "sha512-KALDyEYgpY+Rlob/iriUtjV6d5Eq+Y191A5g4UqLAi8CyGP9N1+FdVbkc1SxKc2r4YAYqG8JzO2KGL+AizD70Q==",
      "license": "MIT"
    },
    "node_modules/napas-qr": {
      "version": "1.0.4",
      "resolved": "https://registry.npmjs.org/napas-qr/-/napas-qr-1.0.4.tgz",
      "integrity": "sha512-HbcBpmN9fehenfMjMYWbCkazaCqcu9Uz6yXSl28cZ7qx4e7feMIsbaf3fShE5tenPx/LYoIkQL0ck8G1F6uscg==",
      "license": "ISC",
      "dependencies": {
        "crc": "^4.3.2",
        "crypto-js": "^4.1.1"
      }
    }
  }
}
